{
    "_readme": [
        "This file locks the dependencies of your project to a known state",
        "Read more about it at https://getcomposer.org/doc/01-basic-usage.md#installing-dependencies",
        "This file is @generated automatically"
    ],
    "content-hash": "64fcfa9e91276191a5b48153666413b3",
    "packages": [],
    "packages-dev": [
        {
            "name": "wpreadme2markdown/wpreadme2markdown",
            "version": "3.0.1",
            "source": {
                "type": "git",
                "url": "https://github.com/wpreadme2markdown/wp-readme-to-markdown.git",
                "reference": "8066915828bb05a12b44360cda986e1d9e60047e"
            },
            "dist": {
                "type": "zip",
                "url": "https://api.github.com/repos/wpreadme2markdown/wp-readme-to-markdown/zipball/8066915828bb05a12b44360cda986e1d9e60047e",
                "reference": "8066915828bb05a12b44360cda986e1d9e60047e",
                "shasum": ""
            },
            "require": {
                "php": ">= 5.3.3"
            },
            "type": "library",
            "autoload": {
                "psr-4": {
                    "WPReadme2Markdown\\": "src/"
                }
            },
            "notification-url": "https://packagist.org/downloads/",
            "license": [
                "MIT"
            ],
            "authors": [
                {
                    "name": "Benjamin J. Balter"
                },
                {
                    "name": "Christian Archer",
                    "email": "sunchaser@sunchaser.info"
                }
            ],
            "description": "Convert WordPress Plugin readme.txt to Markdown",
            "keywords": [
                "converter",
                "markdown",
                "readme",
                "wordpress"
            ],
            "time": "2017-11-24T20:36:13+00:00"
        }
    ],
    "aliases": [],
    "minimum-stability": "stable",
    "stability-flags": [],
    "prefer-stable": false,
    "prefer-lowest": false,
    "platform": [],
    "platform-dev": []
}
